
Microsoft Visual Studio Solution File, Format Version 12.00
# Visual Studio Version 16
VisualStudioVersion = 16.0.31205.134
MinimumVisualStudioVersion = 10.0.40219.1
Project("{FAE04EC0-301F-11D3-BF4B-00C04F79EFBC}") = "CatalogoFilmes", "CatalogoFilmes\CatalogoFilmes.csproj", "{EF1C7AE6-3A72-40A3-A863-1FEC9A9AD290}"
EndProject
Global
	GlobalSection(SolutionConfigurationPlatforms) = preSolution
		Debug|Any CPU = Debug|Any CPU
		Release|Any CPU = Release|Any CPU
	EndGlobalSection
	GlobalSection(ProjectConfigurationPlatforms) = postSolution
		{EF1C7AE6-3A72-40A3-A863-1FEC9A9AD290}.Debug|Any CPU.ActiveCfg = Debug|Any CPU
		{EF1C7AE6-3A72-40A3-A863-1FEC9A9AD290}.Debug|Any CPU.Build.0 = Debug|Any CPU
		{EF1C7AE6-3A72-40A3-A863-1FEC9A9AD290}.Release|Any CPU.ActiveCfg = Release|Any CPU
		{EF1C7AE6-3A72-40A3-A863-1FEC9A9AD290}.Release|Any CPU.Build.0 = Release|Any CPU
	EndGlobalSection
	GlobalSection(SolutionProperties) = preSolution
		HideSolutionNode = FALSE
	EndGlobalSection
	GlobalSection(ExtensibilityGlobals) = postSolution
		SolutionGuid = {B710F063-3A3D-4A8E-9313-B68BAE898F5C}
	EndGlobalSection
EndGlobal
